
Microsoft Visual Studio Solution File, Format Version 12.00
# Visual Studio Version 17
VisualStudioVersion = 17.10.34916.146
MinimumVisualStudioVersion = 10.0.40219.1
Project("{FAE04EC0-301F-11D3-BF4B-00C04F79EFBC}") = "CMS Web API", "CMS Web API\CMS Web API.csproj", "{33DAC645-C617-477E-9741-E8660AAC2946}"
EndProject
Global
	GlobalSection(SolutionConfigurationPlatforms) = preSolution
		Debug|Any CPU = Debug|Any CPU
		Release|Any CPU = Release|Any CPU
	EndGlobalSection
	GlobalSection(ProjectConfigurationPlatforms) = postSolution
		{33DAC645-C617-477E-9741-E8660AAC2946}.Debug|Any CPU.ActiveCfg = Debug|Any CPU
		{33DAC645-C617-477E-9741-E8660AAC2946}.Debug|Any CPU.Build.0 = Debug|Any CPU
		{33DAC645-C617-477E-9741-E8660AAC2946}.Release|Any CPU.ActiveCfg = Release|Any CPU
		{33DAC645-C617-477E-9741-E8660AAC2946}.Release|Any CPU.Build.0 = Release|Any CPU
	EndGlobalSection
	GlobalSection(SolutionProperties) = preSolution
		HideSolutionNode = FALSE
	EndGlobalSection
	GlobalSection(ExtensibilityGlobals) = postSolution
		SolutionGuid = {D1660008-AE36-4D9A-849A-C747F03EA53F}
	EndGlobalSection
EndGlobal
